
Microsoft Visual Studio Solution File, Format Version 12.00
# Visual Studio 15
Project("{FAE04EC0-301F-11D3-BF4B-00C04F79EFBC}") = "Zenject", "Zenject.csproj", "{D91A98FC-495C-F4CE-9026-029E6F80EC1F}"
EndProject
Project("{FAE04EC0-301F-11D3-BF4B-00C04F79EFBC}") = "Assembly-CSharp-firstpass", "Assembly-CSharp-firstpass.csproj", "{87448C04-A98F-160E-77C7-E2EB4D27D95B}"
EndProject
Project("{FAE04EC0-301F-11D3-BF4B-00C04F79EFBC}") = "UniRx", "UniRx.csproj", "{C513D02B-3992-EBA5-92FC-A726AAD21C02}"
EndProject
Project("{FAE04EC0-301F-11D3-BF4B-00C04F79EFBC}") = "Assembly-CSharp", "Assembly-CSharp.csproj", "{428DC80A-E2DF-0D41-732A-D9ACE8DFC9C4}"
EndProject
Project("{FAE04EC0-301F-11D3-BF4B-00C04F79EFBC}") = "Zenject-IntegrationTests", "Zenject-IntegrationTests.csproj", "{F2A3F7E7-3B92-24F5-E692-AA4AD2058A79}"
EndProject
Project("{FAE04EC0-301F-11D3-BF4B-00C04F79EFBC}") = "Zenject-IntegrationTests-Editor", "Zenject-IntegrationTests-Editor.csproj", "{B6798A6D-0282-F3DF-C044-09422226078A}"
EndProject
Project("{FAE04EC0-301F-11D3-BF4B-00C04F79EFBC}") = "Assembly-CSharp-Editor-firstpass", "Assembly-CSharp-Editor-firstpass.csproj", "{8C9B8870-F85F-B301-926D-15982C0FFA84}"
EndProject
Project("{FAE04EC0-301F-11D3-BF4B-00C04F79EFBC}") = "Zenject-PoolMonitor-Editor", "Zenject-PoolMonitor-Editor.csproj", "{0428521D-DF2F-BBE6-F43A-A3AFDABA6A9C}"
EndProject
Project("{FAE04EC0-301F-11D3-BF4B-00C04F79EFBC}") = "Zenject-UnitTests-Editor", "Zenject-UnitTests-Editor.csproj", "{A457330E-A698-0C36-CCA0-D52C08B110C6}"
EndProject
Project("{FAE04EC0-301F-11D3-BF4B-00C04F79EFBC}") = "Zenject-ReflectionBaking-Editor", "Zenject-ReflectionBaking-Editor.csproj", "{A9D8BA52-6E66-6BF0-8746-16DFC73058E8}"
EndProject
Project("{FAE04EC0-301F-11D3-BF4B-00C04F79EFBC}") = "Zenject-TestFramework", "Zenject-TestFramework.csproj", "{397E918A-0E5F-F357-73E4-6E486CF19109}"
EndProject
Project("{FAE04EC0-301F-11D3-BF4B-00C04F79EFBC}") = "Zenject-Editor", "Zenject-Editor.csproj", "{49BDE074-8B91-A4FA-7039-6B7E44B1072B}"
EndProject
Project("{FAE04EC0-301F-11D3-BF4B-00C04F79EFBC}") = "Assembly-CSharp-Editor", "Assembly-CSharp-Editor.csproj", "{FA1D2124-2E33-F721-E8AB-2C6478A861B9}"
EndProject
Global
	GlobalSection(SolutionConfigurationPlatforms) = preSolution
		Debug|Any CPU = Debug|Any CPU
		Release|Any CPU = Release|Any CPU
	EndGlobalSection
	GlobalSection(ProjectConfigurationPlatforms) = postSolution
		{D91A98FC-495C-F4CE-9026-029E6F80EC1F}.Debug|Any CPU.ActiveCfg = Debug|Any CPU
		{D91A98FC-495C-F4CE-9026-029E6F80EC1F}.Debug|Any CPU.Build.0 = Debug|Any CPU
		{D91A98FC-495C-F4CE-9026-029E6F80EC1F}.Release|Any CPU.ActiveCfg = Release|Any CPU
		{D91A98FC-495C-F4CE-9026-029E6F80EC1F}.Release|Any CPU.Build.0 = Release|Any CPU
		{87448C04-A98F-160E-77C7-E2EB4D27D95B}.Debug|Any CPU.ActiveCfg = Debug|Any CPU
		{87448C04-A98F-160E-77C7-E2EB4D27D95B}.Debug|Any CPU.Build.0 = Debug|Any CPU
		{87448C04-A98F-160E-77C7-E2EB4D27D95B}.Release|Any CPU.ActiveCfg = Release|Any CPU
		{87448C04-A98F-160E-77C7-E2EB4D27D95B}.Release|Any CPU.Build.0 = Release|Any CPU
		{C513D02B-3992-EBA5-92FC-A726AAD21C02}.Debug|Any CPU.ActiveCfg = Debug|Any CPU
		{C513D02B-3992-EBA5-92FC-A726AAD21C02}.Debug|Any CPU.Build.0 = Debug|Any CPU
		{C513D02B-3992-EBA5-92FC-A726AAD21C02}.Release|Any CPU.ActiveCfg = Release|Any CPU
		{C513D02B-3992-EBA5-92FC-A726AAD21C02}.Release|Any CPU.Build.0 = Release|Any CPU
		{428DC80A-E2DF-0D41-732A-D9ACE8DFC9C4}.Debug|Any CPU.ActiveCfg = Debug|Any CPU
		{428DC80A-E2DF-0D41-732A-D9ACE8DFC9C4}.Debug|Any CPU.Build.0 = Debug|Any CPU
		{428DC80A-E2DF-0D41-732A-D9ACE8DFC9C4}.Release|Any CPU.ActiveCfg = Release|Any CPU
		{428DC80A-E2DF-0D41-732A-D9ACE8DFC9C4}.Release|Any CPU.Build.0 = Release|Any CPU
		{F2A3F7E7-3B92-24F5-E692-AA4AD2058A79}.Debug|Any CPU.ActiveCfg = Debug|Any CPU
		{F2A3F7E7-3B92-24F5-E692-AA4AD2058A79}.Debug|Any CPU.Build.0 = Debug|Any CPU
		{F2A3F7E7-3B92-24F5-E692-AA4AD2058A79}.Release|Any CPU.ActiveCfg = Release|Any CPU
		{F2A3F7E7-3B92-24F5-E692-AA4AD2058A79}.Release|Any CPU.Build.0 = Release|Any CPU
		{B6798A6D-0282-F3DF-C044-09422226078A}.Debug|Any CPU.ActiveCfg = Debug|Any CPU
		{B6798A6D-0282-F3DF-C044-09422226078A}.Debug|Any CPU.Build.0 = Debug|Any CPU
		{B6798A6D-0282-F3DF-C044-09422226078A}.Release|Any CPU.ActiveCfg = Release|Any CPU
		{B6798A6D-0282-F3DF-C044-09422226078A}.Release|Any CPU.Build.0 = Release|Any CPU
		{8C9B8870-F85F-B301-926D-15982C0FFA84}.Debug|Any CPU.ActiveCfg = Debug|Any CPU
		{8C9B8870-F85F-B301-926D-15982C0FFA84}.Debug|Any CPU.Build.0 = Debug|Any CPU
		{8C9B8870-F85F-B301-926D-15982C0FFA84}.Release|Any CPU.ActiveCfg = Release|Any CPU
		{8C9B8870-F85F-B301-926D-15982C0FFA84}.Release|Any CPU.Build.0 = Release|Any CPU
		{0428521D-DF2F-BBE6-F43A-A3AFDABA6A9C}.Debug|Any CPU.ActiveCfg = Debug|Any CPU
		{0428521D-DF2F-BBE6-F43A-A3AFDABA6A9C}.Debug|Any CPU.Build.0 = Debug|Any CPU
		{0428521D-DF2F-BBE6-F43A-A3AFDABA6A9C}.Release|Any CPU.ActiveCfg = Release|Any CPU
		{0428521D-DF2F-BBE6-F43A-A3AFDABA6A9C}.Release|Any CPU.Build.0 = Release|Any CPU
		{A457330E-A698-0C36-CCA0-D52C08B110C6}.Debug|Any CPU.ActiveCfg = Debug|Any CPU
		{A457330E-A698-0C36-CCA0-D52C08B110C6}.Debug|Any CPU.Build.0 = Debug|Any CPU
		{A457330E-A698-0C36-CCA0-D52C08B110C6}.Release|Any CPU.ActiveCfg = Release|Any CPU
		{A457330E-A698-0C36-CCA0-D52C08B110C6}.Release|Any CPU.Build.0 = Release|Any CPU
		{A9D8BA52-6E66-6BF0-8746-16DFC73058E8}.Debug|Any CPU.ActiveCfg = Debug|Any CPU
		{A9D8BA52-6E66-6BF0-8746-16DFC73058E8}.Debug|Any CPU.Build.0 = Debug|Any CPU
		{A9D8BA52-6E66-6BF0-8746-16DFC73058E8}.Release|Any CPU.ActiveCfg = Release|Any CPU
		{A9D8BA52-6E66-6BF0-8746-16DFC73058E8}.Release|Any CPU.Build.0 = Release|Any CPU
		{397E918A-0E5F-F357-73E4-6E486CF19109}.Debug|Any CPU.ActiveCfg = Debug|Any CPU
		{397E918A-0E5F-F357-73E4-6E486CF19109}.Debug|Any CPU.Build.0 = Debug|Any CPU
		{397E918A-0E5F-F357-73E4-6E486CF19109}.Release|Any CPU.ActiveCfg = Release|Any CPU
		{397E918A-0E5F-F357-73E4-6E486CF19109}.Release|Any CPU.Build.0 = Release|Any CPU
		{49BDE074-8B91-A4FA-7039-6B7E44B1072B}.Debug|Any CPU.ActiveCfg = Debug|Any CPU
		{49BDE074-8B91-A4FA-7039-6B7E44B1072B}.Debug|Any CPU.Build.0 = Debug|Any CPU
		{49BDE074-8B91-A4FA-7039-6B7E44B1072B}.Release|Any CPU.ActiveCfg = Release|Any CPU
		{49BDE074-8B91-A4FA-7039-6B7E44B1072B}.Release|Any CPU.Build.0 = Release|Any CPU
		{FA1D2124-2E33-F721-E8AB-2C6478A861B9}.Debug|Any CPU.ActiveCfg = Debug|Any CPU
		{FA1D2124-2E33-F721-E8AB-2C6478A861B9}.Debug|Any CPU.Build.0 = Debug|Any CPU
		{FA1D2124-2E33-F721-E8AB-2C6478A861B9}.Release|Any CPU.ActiveCfg = Release|Any CPU
		{FA1D2124-2E33-F721-E8AB-2C6478A861B9}.Release|Any CPU.Build.0 = Release|Any CPU
	EndGlobalSection
	GlobalSection(SolutionProperties) = preSolution
		HideSolutionNode = FALSE
	EndGlobalSection
EndGlobal
